// !$*UTF8*$!
{
	archiveVersion = 1;
	classes = {
	};
	objectVersion = 55;
	objects = {

/* Begin PBXBuildFile section */
		4B3349211994B9EB05C289ED /* Pods_QuotesMovie.framework in Frameworks */ = {isa = PBXBuildFile; fileRef = C87368F283AB7504E8384DE5 /* Pods_QuotesMovie.framework */; };
		841068AF2770E487001F3D7C /* AppDelegate.swift in Sources */ = {isa = PBXBuildFile; fileRef = 841068AE2770E487001F3D7C /* AppDelegate.swift */; };
		841068B12770E487001F3D7C /* SceneDelegate.swift in Sources */ = {isa = PBXBuildFile; fileRef = 841068B02770E487001F3D7C /* SceneDelegate.swift */; };
		841068B32770E487001F3D7C /* ViewController.swift in Sources */ = {isa = PBXBuildFile; fileRef = 841068B22770E487001F3D7C /* ViewController.swift */; };
		841068B62770E487001F3D7C /* Main.storyboard in Resources */ = {isa = PBXBuildFile; fileRef = 841068B42770E487001F3D7C /* Main.storyboard */; };
		841068B92770E487001F3D7C /* QuotesMovie.xcdatamodeld in Sources */ = {isa = PBXBuildFile; fileRef = 841068B72770E487001F3D7C /* QuotesMovie.xcdatamodeld */; };
		841068BB2770E488001F3D7C /* Assets.xcassets in Resources */ = {isa = PBXBuildFile; fileRef = 841068BA2770E488001F3D7C /* Assets.xcassets */; };
		841068BE2770E488001F3D7C /* LaunchScreen.storyboard in Resources */ = {isa = PBXBuildFile; fileRef = 841068BC2770E488001F3D7C /* LaunchScreen.storyboard */; };
		8479B3492770E7B7006FD531 /* Kingfisher in Frameworks */ = {isa = PBXBuildFile; productRef = 8479B3482770E7B7006FD531 /* Kingfisher */; };
		8479B34B2770E8ED006FD531 /* ImageCustomCell.swift in Sources */ = {isa = PBXBuildFile; fileRef = 8479B34A2770E8ED006FD531 /* ImageCustomCell.swift */; };
		8479B34D2770E9A7006FD531 /* SearchViewController.swift in Sources */ = {isa = PBXBuildFile; fileRef = 8479B34C2770E9A7006FD531 /* SearchViewController.swift */; };
		8479B34F27722DDF006FD531 /* ImageViewController.swift in Sources */ = {isa = PBXBuildFile; fileRef = 8479B34E27722DDF006FD531 /* ImageViewController.swift */; };
/* End PBXBuildFile section */

/* Begin PBXFileReference section */
		58E1CA53C70E5922C6D9D292 /* Pods-QuotesMovie.debug.xcconfig */ = {isa = PBXFileReference; includeInIndex = 1; lastKnownFileType = text.xcconfig; name = "Pods-QuotesMovie.debug.xcconfig"; path = "Target Support Files/Pods-QuotesMovie/Pods-QuotesMovie.debug.xcconfig"; sourceTree = "<group>"; };
		841068AB2770E487001F3D7C /* QuotesMovie.app */ = {isa = PBXFileReference; explicitFileType = wrapper.application; includeInIndex = 0; path = QuotesMovie.app; sourceTree = BUILT_PRODUCTS_DIR; };
		841068AE2770E487001F3D7C /* AppDelegate.swift */ = {isa = PBXFileReference; lastKnownFileType = sourcecode.swift; path = AppDelegate.swift; sourceTree = "<group>"; };
		841068B02770E487001F3D7C /* SceneDelegate.swift */ = {isa = PBXFileReference; lastKnownFileType = sourcecode.swift; path = SceneDelegate.swift; sourceTree = "<group>"; };
		841068B22770E487001F3D7C /* ViewController.swift */ = {isa = PBXFileReference; lastKnownFileType = sourcecode.swift; path = ViewController.swift; sourceTree = "<group>"; };
		841068B52770E487001F3D7C /* Base */ = {isa = PBXFileReference; lastKnownFileType = file.storyboard; name = Base; path = Base.lproj/Main.storyboard; sourceTree = "<group>"; };
		841068B82770E487001F3D7C /* QuotesMovie.xcdatamodel */ = {isa = PBXFileReference; lastKnownFileType = wrapper.xcdatamodel; path = QuotesMovie.xcdatamodel; sourceTree = "<group>"; };
		841068BA2770E488001F3D7C /* Assets.xcassets */ = {isa = PBXFileReference; lastKnownFileType = folder.assetcatalog; path = Assets.xcassets; sourceTree = "<group>"; };
		841068BD2770E488001F3D7C /* Base */ = {isa = PBXFileReference; lastKnownFileType = file.storyboard; name = Base; path = Base.lproj/LaunchScreen.storyboard; sourceTree = "<group>"; };
		841068BF2770E488001F3D7C /* Info.plist */ = {isa = PBXFileReference; lastKnownFileType = text.plist.xml; path = Info.plist; sourceTree = "<group>"; };
		8479B34A2770E8ED006FD531 /* ImageCustomCell.swift */ = {isa = PBXFileReference; lastKnownFileType = sourcecode.swift; path = ImageCustomCell.swift; sourceTree = "<group>"; };
		8479B34C2770E9A7006FD531 /* SearchViewController.swift */ = {isa = PBXFileReference; lastKnownFileType = sourcecode.swift; path = SearchViewController.swift; sourceTree = "<group>"; };
		8479B34E27722DDF006FD531 /* ImageViewController.swift */ = {isa = PBXFileReference; lastKnownFileType = sourcecode.swift; path = ImageViewController.swift; sourceTree = "<group>"; };
		9E675C76EB0A75826014A7A8 /* Pods-QuotesMovie.release.xcconfig */ = {isa = PBXFileReference; includeInIndex = 1; lastKnownFileType = text.xcconfig; name = "Pods-QuotesMovie.release.xcconfig"; path = "Target Support Files/Pods-QuotesMovie/Pods-QuotesMovie.release.xcconfig"; sourceTree = "<group>"; };
		C87368F283AB7504E8384DE5 /* Pods_QuotesMovie.framework */ = {isa = PBXFileReference; explicitFileType = wrapper.framework; includeInIndex = 0; path = Pods_QuotesMovie.framework; sourceTree = BUILT_PRODUCTS_DIR; };
/* End PBXFileReference section */

/* Begin PBXFrameworksBuildPhase section */
		841068A82770E487001F3D7C /* Frameworks */ = {
			isa = PBXFrameworksBuildPhase;
			buildActionMask = 2147483647;
			files = (
				8479B3492770E7B7006FD531 /* Kingfisher in Frameworks */,
				4B3349211994B9EB05C289ED /* Pods_QuotesMovie.framework in Frameworks */,
			);
			runOnlyForDeploymentPostprocessing = 0;
		};
/* End PBXFrameworksBuildPhase section */

/* Begin PBXGroup section */
		54858CCB452A9D7DF010E3F3 /* Pods */ = {
			isa = PBXGroup;
			children = (
				58E1CA53C70E5922C6D9D292 /* Pods-QuotesMovie.debug.xcconfig */,
				9E675C76EB0A75826014A7A8 /* Pods-QuotesMovie.release.xcconfig */,
			);
			path = Pods;
			sourceTree = "<group>";
		};
		70BCC7ABF7EAF91070CBA171 /* Frameworks */ = {
			isa = PBXGroup;
			children = (
				C87368F283AB7504E8384DE5 /* Pods_QuotesMovie.framework */,
			);
			name = Frameworks;
			sourceTree = "<group>";
		};
		841068A22770E487001F3D7C = {
			isa = PBXGroup;
			children = (
				841068AD2770E487001F3D7C /* QuotesMovie */,
				841068AC2770E487001F3D7C /* Products */,
				54858CCB452A9D7DF010E3F3 /* Pods */,
				70BCC7ABF7EAF91070CBA171 /* Frameworks */,
			);
			sourceTree = "<group>";
		};
		841068AC2770E487001F3D7C /* Products */ = {
			isa = PBXGroup;
			children = (
				841068AB2770E487001F3D7C /* QuotesMovie.app */,
			);
			name = Products;
			sourceTree = "<group>";
		};
		841068AD2770E487001F3D7C /* QuotesMovie */ = {
			isa = PBXGroup;
			children = (
				841068AE2770E487001F3D7C /* AppDelegate.swift */,
				841068B02770E487001F3D7C /* SceneDelegate.swift */,
				841068B22770E487001F3D7C /* ViewController.swift */,
				8479B34C2770E9A7006FD531 /* SearchViewController.swift */,
				8479B34A2770E8ED006FD531 /* ImageCustomCell.swift */,
				8479B34E27722DDF006FD531 /* ImageViewController.swift */,
				841068B42770E487001F3D7C /* Main.storyboard */,
				841068BA2770E488001F3D7C /* Assets.xcassets */,
				841068BC2770E488001F3D7C /* LaunchScreen.storyboard */,
				841068BF2770E488001F3D7C /* Info.plist */,
				841068B72770E487001F3D7C /* QuotesMovie.xcdatamodeld */,
			);
			path = QuotesMovie;
			sourceTree = "<group>";
		};
/* End PBXGroup section */

/* Begin PBXNativeTarget section */
		841068AA2770E487001F3D7C /* QuotesMovie */ = {
			isa = PBXNativeTarget;
			buildConfigurationList = 841068C22770E488001F3D7C /* Build configuration list for PBXNativeTarget "QuotesMovie" */;
			buildPhases = (
				F5D2DED6F29CC7499DC73F1A /* [CP] Check Pods Manifest.lock */,
				841068A72770E487001F3D7C /* Sources */,
				841068A82770E487001F3D7C /* Frameworks */,
				841068A92770E487001F3D7C /* Resources */,
				18E32495ABDC4D96004BEF66 /* [CP] Embed Pods Frameworks */,
			);
			buildRules = (
			);
			dependencies = (
			);
			name = QuotesMovie;
			packageProductDependencies = (
				8479B3482770E7B7006FD531 /* Kingfisher */,
			);
			productName = QuotesMovie;
			productReference = 841068AB2770E487001F3D7C /* QuotesMovie.app */;
			productType = "com.apple.product-type.application";
		};
/* End PBXNativeTarget section */

/* Begin PBXProject section */
		841068A32770E487001F3D7C /* Project object */ = {
			isa = PBXProject;
			attributes = {
				BuildIndependentTargetsInParallel = 1;
				LastSwiftUpdateCheck = 1310;
				LastUpgradeCheck = 1310;
				TargetAttributes = {
					841068AA2770E487001F3D7C = {
						CreatedOnToolsVersion = 13.1;
					};
				};
			};
			buildConfigurationList = 841068A62770E487001F3D7C /* Build configuration list for PBXProject "QuotesMovie" */;
			compatibilityVersion = "Xcode 13.0";
			developmentRegion = en;
			hasScannedForEncodings = 0;
			knownRegions = (
				en,
				Base,
			);
			mainGroup = 841068A22770E487001F3D7C;
			packageReferences = (
				8479B3472770E7B7006FD531 /* XCRemoteSwiftPackageReference "Kingfisher" */,
			);
			productRefGroup = 841068AC2770E487001F3D7C /* Products */;
			projectDirPath = "";
			projectRoot = "";
			targets = (
				841068AA2770E487001F3D7C /* QuotesMovie */,
			);
		};
/* End PBXProject section */

/* Begin PBXResourcesBuildPhase section */
		841068A92770E487001F3D7C /* Resources */ = {
			isa = PBXResourcesBuildPhase;
			buildActionMask = 2147483647;
			files = (
				841068BE2770E488001F3D7C /* LaunchScreen.storyboard in Resources */,
				841068BB2770E488001F3D7C /* Assets.xcassets in Resources */,
				841068B62770E487001F3D7C /* Main.storyboard in Resources */,
			);
			runOnlyForDeploymentPostprocessing = 0;
		};
/* End PBXResourcesBuildPhase section */

/* Begin PBXShellScriptBuildPhase section */
		18E32495ABDC4D96004BEF66 /* [CP] Embed Pods Frameworks */ = {
			isa = PBXShellScriptBuildPhase;
			buildActionMask = 2147483647;
			files = (
			);
			inputFileListPaths = (
				"${PODS_ROOT}/Target Support Files/Pods-QuotesMovie/Pods-QuotesMovie-frameworks-${CONFIGURATION}-input-files.xcfilelist",
			);
			name = "[CP] Embed Pods Frameworks";
			outputFileListPaths = (
				"${PODS_ROOT}/Target Support Files/Pods-QuotesMovie/Pods-QuotesMovie-frameworks-${CONFIGURATION}-output-files.xcfilelist",
			);
			runOnlyForDeploymentPostprocessing = 0;
			shellPath = /bin/sh;
			shellScript = "\"${PODS_ROOT}/Target Support Files/Pods-QuotesMovie/Pods-QuotesMovie-frameworks.sh\"\n";
			showEnvVarsInLog = 0;
		};
		F5D2DED6F29CC7499DC73F1A /* [CP] Check Pods Manifest.lock */ = {
			isa = PBXShellScriptBuildPhase;
			buildActionMask = 2147483647;
			files = (
			);
			inputFileListPaths = (
			);
			inputPaths = (
				"${PODS_PODFILE_DIR_PATH}/Podfile.lock",
				"${PODS_ROOT}/Manifest.lock",
			);
			name = "[CP] Check Pods Manifest.lock";
			outputFileListPaths = (
			);
			outputPaths = (
				"$(DERIVED_FILE_DIR)/Pods-QuotesMovie-checkManifestLockResult.txt",
			);
			runOnlyForDeploymentPostprocessing = 0;
			shellPath = /bin/sh;
			shellScript = "diff \"${PODS_PODFILE_DIR_PATH}/Podfile.lock\" \"${PODS_ROOT}/Manifest.lock\" > /dev/null\nif [ $? != 0 ] ; then\n    # print error to STDERR\n    echo \"error: The sandbox is not in sync with the Podfile.lock. Run 'pod install' or update your CocoaPods installation.\" >&2\n    exit 1\nfi\n# This output is used by Xcode 'outputs' to avoid re-running this script phase.\necho \"SUCCESS\" > \"${SCRIPT_OUTPUT_FILE_0}\"\n";
			showEnvVarsInLog = 0;
		};
/* End PBXShellScriptBuildPhase section */

/* Begin PBXSourcesBuildPhase section */
		841068A72770E487001F3D7C /* Sources */ = {
			isa = PBXSourcesBuildPhase;
			buildActionMask = 2147483647;
			files = (
				8479B34D2770E9A7006FD531 /* SearchViewController.swift in Sources */,
				841068B32770E487001F3D7C /* ViewController.swift in Sources */,
				841068B92770E487001F3D7C /* QuotesMovie.xcdatamodeld in Sources */,
				8479B34F27722DDF006FD531 /* ImageViewController.swift in Sources */,
				8479B34B2770E8ED006FD531 /* ImageCustomCell.swift in Sources */,
				841068AF2770E487001F3D7C /* AppDelegate.swift in Sources */,
				841068B12770E487001F3D7C /* SceneDelegate.swift in Sources */,
			);
			runOnlyForDeploymentPostprocessing = 0;
		};
/* End PBXSourcesBuildPhase section */

/* Begin PBXVariantGroup section */
		841068B42770E487001F3D7C /* Main.storyboard */ = {
			isa = PBXVariantGroup;
			children = (
				841068B52770E487001F3D7C /* Base */,
			);
			name = Main.storyboard;
			sourceTree = "<group>";
		};
		841068BC2770E488001F3D7C /* LaunchScreen.storyboard */ = {
			isa = PBXVariantGroup;
			children = (
				841068BD2770E488001F3D7C /* Base */,
			);
			name = LaunchScreen.storyboard;
			sourceTree = "<group>";
		};
/* End PBXVariantGroup section */

/* Begin XCBuildConfiguration section */
		841068C02770E488001F3D7C /* Debug */ = {
			isa = XCBuildConfiguration;
			buildSettings = {
				ALWAYS_SEARCH_USER_PATHS = NO;
				CLANG_ANALYZER_NONNULL = YES;
				CLANG_ANALYZER_NUMBER_OBJECT_CONVERSION = YES_AGGRESSIVE;
				CLANG_CXX_LANGUAGE_STANDARD = "gnu++17";
				CLANG_CXX_LIBRARY = "libc++";
				CLANG_ENABLE_MODULES = YES;
				CLANG_ENABLE_OBJC_ARC = YES;
				CLANG_ENABLE_OBJC_WEAK = YES;
				CLANG_WARN_BLOCK_CAPTURE_AUTORELEASING = YES;
				CLANG_WARN_BOOL_CONVERSION = YES;
				CLANG_WARN_COMMA = YES;
				CLANG_WARN_CONSTANT_CONVERSION = YES;
				CLANG_WARN_DEPRECATED_OBJC_IMPLEMENTATIONS = YES;
				CLANG_WARN_DIRECT_OBJC_ISA_USAGE = YES_ERROR;
				CLANG_WARN_DOCUMENTATION_COMMENTS = YES;
				CLANG_WARN_EMPTY_BODY = YES;
				CLANG_WARN_ENUM_CONVERSION = YES;
				CLANG_WARN_INFINITE_RECURSION = YES;
				CLANG_WARN_INT_CONVERSION = YES;
				CLANG_WARN_NON_LITERAL_NULL_CONVERSION = YES;
				CLANG_WARN_OBJC_IMPLICIT_RETAIN_SELF = YES;
				CLANG_WARN_OBJC_LITERAL_CONVERSION = YES;
				CLANG_WARN_OBJC_ROOT_CLASS = YES_ERROR;
				CLANG_WARN_QUOTED_INCLUDE_IN_FRAMEWORK_HEADER = YES;
				CLANG_WARN_RANGE_LOOP_ANALYSIS = YES;
				CLANG_WARN_STRICT_PROTOTYPES = YES;
				CLANG_WARN_SUSPICIOUS_MOVE = YES;
				CLANG_WARN_UNGUARDED_AVAILABILITY = YES_AGGRESSIVE;
				CLANG_WARN_UNREACHABLE_CODE = YES;
				CLANG_WARN__DUPLICATE_METHOD_MATCH = YES;
				COPY_PHASE_STRIP = NO;
				DEBUG_INFORMATION_FORMAT = dwarf;
				ENABLE_STRICT_OBJC_MSGSEND = YES;
				ENABLE_TESTABILITY = YES;
				GCC_C_LANGUAGE_STANDARD = gnu11;
				GCC_DYNAMIC_NO_PIC = NO;
				GCC_NO_COMMON_BLOCKS = YES;
				GCC_OPTIMIZATION_LEVEL = 0;
				GCC_PREPROCESSOR_DEFINITIONS = (
					"DEBUG=1",
					"$(inherited)",
				);
				GCC_WARN_64_TO_32_BIT_CONVERSION = YES;
				GCC_WARN_ABOUT_RETURN_TYPE = YES_ERROR;
				GCC_WARN_UNDECLARED_SELECTOR = YES;
				GCC_WARN_UNINITIALIZED_AUTOS = YES_AGGRESSIVE;
				GCC_WARN_UNUSED_FUNCTION = YES;
				GCC_WARN_UNUSED_VARIABLE = YES;
				IPHONEOS_DEPLOYMENT_TARGET = 15.0;
				MTL_ENABLE_DEBUG_INFO = INCLUDE_SOURCE;
				MTL_FAST_MATH = YES;
				ONLY_ACTIVE_ARCH = YES;
				SDKROOT = iphoneos;
				SWIFT_ACTIVE_COMPILATION_CONDITIONS = DEBUG;
				SWIFT_OPTIMIZATION_LEVEL = "-Onone";
			};
			name = Debug;
		};
		841068C12770E488001F3D7C /* Release */ = {
			isa = XCBuildConfiguration;
			buildSettings = {
				ALWAYS_SEARCH_USER_PATHS = NO;
				CLANG_ANALYZER_NONNULL = YES;
				CLANG_ANALYZER_NUMBER_OBJECT_CONVERSION = YES_AGGRESSIVE;
				CLANG_CXX_LANGUAGE_STANDARD = "gnu++17";
				CLANG_CXX_LIBRARY = "libc++";
				CLANG_ENABLE_MODULES = YES;
				CLANG_ENABLE_OBJC_ARC = YES;
				CLANG_ENABLE_OBJC_WEAK = YES;
				CLANG_WARN_BLOCK_CAPTURE_AUTORELEASING = YES;
				CLANG_WARN_BOOL_CONVERSION = YES;
				CLANG_WARN_COMMA = YES;
				CLANG_WARN_CONSTANT_CONVERSION = YES;
				CLANG_WARN_DEPRECATED_OBJC_IMPLEMENTATIONS = YES;
				CLANG_WARN_DIRECT_OBJC_ISA_USAGE = YES_ERROR;
				CLANG_WARN_DOCUMENTATION_COMMENTS = YES;
				CLANG_WARN_EMPTY_BODY = YES;
				CLANG_WARN_ENUM_CONVERSION = YES;
				CLANG_WARN_INFINITE_RECURSION = YES;
				CLANG_WARN_INT_CONVERSION = YES;
				CLANG_WARN_NON_LITERAL_NULL_CONVERSION = YES;
				CLANG_WARN_OBJC_IMPLICIT_RETAIN_SELF = YES;
				CLANG_WARN_OBJC_LITERAL_CONVERSION = YES;
				CLANG_WARN_OBJC_ROOT_CLASS = YES_ERROR;
				CLANG_WARN_QUOTED_INCLUDE_IN_FRAMEWORK_HEADER = YES;
				CLANG_WARN_RANGE_LOOP_ANALYSIS = YES;
				CLANG_WARN_STRICT_PROTOTYPES = YES;
				CLANG_WARN_SUSPICIOUS_MOVE = YES;
				CLANG_WARN_UNGUARDED_AVAILABILITY = YES_AGGRESSIVE;
				CLANG_WARN_UNREACHABLE_CODE = YES;
				CLANG_WARN__DUPLICATE_METHOD_MATCH = YES;
				COPY_PHASE_STRIP = NO;
				DEBUG_INFORMATION_FORMAT = "dwarf-with-dsym";
				ENABLE_NS_ASSERTIONS = NO;
				ENABLE_STRICT_OBJC_MSGSEND = YES;
				GCC_C_LANGUAGE_STANDARD = gnu11;
				GCC_NO_COMMON_BLOCKS = YES;
				GCC_WARN_64_TO_32_BIT_CONVERSION = YES;
				GCC_WARN_ABOUT_RETURN_TYPE = YES_ERROR;
				GCC_WARN_UNDECLARED_SELECTOR = YES;
				GCC_WARN_UNINITIALIZED_AUTOS = YES_AGGRESSIVE;
				GCC_WARN_UNUSED_FUNCTION = YES;
				GCC_WARN_UNUSED_VARIABLE = YES;
				IPHONEOS_DEPLOYMENT_TARGET = 15.0;
				MTL_ENABLE_DEBUG_INFO = NO;
				MTL_FAST_MATH = YES;
				SDKROOT = iphoneos;
				SWIFT_COMPILATION_MODE = wholemodule;
				SWIFT_OPTIMIZATION_LEVEL = "-O";
				VALIDATE_PRODUCT = YES;
			};
			name = Release;
		};
		841068C32770E488001F3D7C /* Debug */ = {
			isa = XCBuildConfiguration;
			baseConfigurationReference = 58E1CA53C70E5922C6D9D292 /* Pods-QuotesMovie.debug.xcconfig */;
			buildSettings = {
				ASSETCATALOG_COMPILER_APPICON_NAME = AppIcon;
				ASSETCATALOG_COMPILER_GLOBAL_ACCENT_COLOR_NAME = AccentColor;
				CODE_SIGN_STYLE = Automatic;
				CURRENT_PROJECT_VERSION = 1;
				GENERATE_INFOPLIST_FILE = YES;
				INFOPLIST_FILE = QuotesMovie/Info.plist;
				INFOPLIST_KEY_UIApplicationSupportsIndirectInputEvents = YES;
				INFOPLIST_KEY_UILaunchStoryboardName = LaunchScreen;
				INFOPLIST_KEY_UIMainStoryboardFile = Main;
				INFOPLIST_KEY_UISupportedInterfaceOrientations_iPad = "UIInterfaceOrientationPortrait UIInterfaceOrientationPortraitUpsideDown UIInterfaceOrientationLandscapeLeft UIInterfaceOrientationLandscapeRight";
				INFOPLIST_KEY_UISupportedInterfaceOrientations_iPhone = "UIInterfaceOrientationPortrait UIInterfaceOrientationLandscapeLeft UIInterfaceOrientationLandscapeRight";
				LD_RUNPATH_SEARCH_PATHS = (
					"$(inherited)",
					"@executable_path/Frameworks",
				);
				MARKETING_VERSION = 1.0;
				PRODUCT_BUNDLE_IDENTIFIER = com.ameera.QuotesMovie;
				PRODUCT_NAME = "$(TARGET_NAME)";
				SWIFT_EMIT_LOC_STRINGS = YES;
				SWIFT_VERSION = 5.0;
				TARGETED_DEVICE_FAMILY = "1,2";
			};
			name = Debug;
		};
		841068C42770E488001F3D7C /* Release */ = {
			isa = XCBuildConfiguration;
			baseConfigurationReference = 9E675C76EB0A75826014A7A8 /* Pods-QuotesMovie.release.xcconfig */;
			buildSettings = {
				ASSETCATALOG_COMPILER_APPICON_NAME = AppIcon;
				ASSETCATALOG_COMPILER_GLOBAL_ACCENT_COLOR_NAME = AccentColor;
				CODE_SIGN_STYLE = Automatic;
				CURRENT_PROJECT_VERSION = 1;
				GENERATE_INFOPLIST_FILE = YES;
				INFOPLIST_FILE = QuotesMovie/Info.plist;
				INFOPLIST_KEY_UIApplicationSupportsIndirectInputEvents = YES;
				INFOPLIST_KEY_UILaunchStoryboardName = LaunchScreen;
				INFOPLIST_KEY_UIMainStoryboardFile = Main;
				INFOPLIST_KEY_UISupportedInterfaceOrientations_iPad = "UIInterfaceOrientationPortrait UIInterfaceOrientationPortraitUpsideDown UIInterfaceOrientationLandscapeLeft UIInterfaceOrientationLandscapeRight";
				INFOPLIST_KEY_UISupportedInterfaceOrientations_iPhone = "UIInterfaceOrientationPortrait UIInterfaceOrientationLandscapeLeft UIInterfaceOrientationLandscapeRight";
				LD_RUNPATH_SEARCH_PATHS = (
					"$(inherited)",
					"@executable_path/Frameworks",
				);
				MARKETING_VERSION = 1.0;
				PRODUCT_BUNDLE_IDENTIFIER = com.ameera.QuotesMovie;
				PRODUCT_NAME = "$(TARGET_NAME)";
				SWIFT_EMIT_LOC_STRINGS = YES;
				SWIFT_VERSION = 5.0;
				TARGETED_DEVICE_FAMILY = "1,2";
			};
			name = Release;
		};
/* End XCBuildConfiguration section */

/* Begin XCConfigurationList section */
		841068A62770E487001F3D7C /* Build configuration list for PBXProject "QuotesMovie" */ = {
			isa = XCConfigurationList;
			buildConfigurations = (
				841068C02770E488001F3D7C /* Debug */,
				841068C12770E488001F3D7C /* Release */,
			);
			defaultConfigurationIsVisible = 0;
			defaultConfigurationName = Release;
		};
		841068C22770E488001F3D7C /* Build configuration list for PBXNativeTarget "QuotesMovie" */ = {
			isa = XCConfigurationList;
			buildConfigurations = (
				841068C32770E488001F3D7C /* Debug */,
				841068C42770E488001F3D7C /* Release */,
			);
			defaultConfigurationIsVisible = 0;
			defaultConfigurationName = Release;
		};
/* End XCConfigurationList section */

/* Begin XCRemoteSwiftPackageReference section */
		8479B3472770E7B7006FD531 /* XCRemoteSwiftPackageReference "Kingfisher" */ = {
			isa = XCRemoteSwiftPackageReference;
			repositoryURL = "https://github.com/onevcat/Kingfisher";
			requirement = {
				branch = master;
				kind = branch;
			};
		};
/* End XCRemoteSwiftPackageReference section */

/* Begin XCSwiftPackageProductDependency section */
		8479B3482770E7B7006FD531 /* Kingfisher */ = {
			isa = XCSwiftPackageProductDependency;
			package = 8479B3472770E7B7006FD531 /* XCRemoteSwiftPackageReference "Kingfisher" */;
			productName = Kingfisher;
		};
/* End XCSwiftPackageProductDependency section */

/* Begin XCVersionGroup section */
		841068B72770E487001F3D7C /* QuotesMovie.xcdatamodeld */ = {
			isa = XCVersionGroup;
			children = (
				841068B82770E487001F3D7C /* QuotesMovie.xcdatamodel */,
			);
			currentVersion = 841068B82770E487001F3D7C /* QuotesMovie.xcdatamodel */;
			path = QuotesMovie.xcdatamodeld;
			sourceTree = "<group>";
			versionGroupType = wrapper.xcdatamodel;
		};
/* End XCVersionGroup section */
	};
	rootObject = 841068A32770E487001F3D7C /* Project object */;
}
